
Microsoft Visual Studio Solution File, Format Version 12.00
# Visual Studio 15
VisualStudioVersion = 15.0.28307.902
MinimumVisualStudioVersion = 10.0.40219.1
Project("{FAE04EC0-301F-11D3-BF4B-00C04F79EFBC}") = "Renderer.Android", "Renderer\Renderer.Android\Renderer.Android.csproj", "{7280DDEF-4EBF-47EF-89EE-F3AC541EAEA5}"
EndProject
Project("{FAE04EC0-301F-11D3-BF4B-00C04F79EFBC}") = "Renderer.iOS", "Renderer\Renderer.iOS\Renderer.iOS.csproj", "{F68C40E2-A318-45E4-BA2B-9F931A19E22C}"
EndProject
Project("{FAE04EC0-301F-11D3-BF4B-00C04F79EFBC}") = "Renderer", "Renderer\Renderer\Renderer.csproj", "{C48D5AF3-E50D-4693-BFF6-1209A649D8F6}"
EndProject
Global
	GlobalSection(SolutionConfigurationPlatforms) = preSolution
		Ad-Hoc|Any CPU = Ad-Hoc|Any CPU
		Ad-Hoc|iPhone = Ad-Hoc|iPhone
		Ad-Hoc|iPhoneSimulator = Ad-Hoc|iPhoneSimulator
		AppStore|Any CPU = AppStore|Any CPU
		AppStore|iPhone = AppStore|iPhone
		AppStore|iPhoneSimulator = AppStore|iPhoneSimulator
		Debug|Any CPU = Debug|Any CPU
		Debug|iPhone = Debug|iPhone
		Debug|iPhoneSimulator = Debug|iPhoneSimulator
		Release|Any CPU = Release|Any CPU
		Release|iPhone = Release|iPhone
		Release|iPhoneSimulator = Release|iPhoneSimulator
	EndGlobalSection
	GlobalSection(ProjectConfigurationPlatforms) = postSolution
		{7280DDEF-4EBF-47EF-89EE-F3AC541EAEA5}.Ad-Hoc|Any CPU.ActiveCfg = Release|Any CPU
		{7280DDEF-4EBF-47EF-89EE-F3AC541EAEA5}.Ad-Hoc|Any CPU.Build.0 = Release|Any CPU
		{7280DDEF-4EBF-47EF-89EE-F3AC541EAEA5}.Ad-Hoc|Any CPU.Deploy.0 = Release|Any CPU
		{7280DDEF-4EBF-47EF-89EE-F3AC541EAEA5}.Ad-Hoc|iPhone.ActiveCfg = Release|Any CPU
		{7280DDEF-4EBF-47EF-89EE-F3AC541EAEA5}.Ad-Hoc|iPhone.Build.0 = Release|Any CPU
		{7280DDEF-4EBF-47EF-89EE-F3AC541EAEA5}.Ad-Hoc|iPhone.Deploy.0 = Release|Any CPU
		{7280DDEF-4EBF-47EF-89EE-F3AC541EAEA5}.Ad-Hoc|iPhoneSimulator.ActiveCfg = Release|Any CPU
		{7280DDEF-4EBF-47EF-89EE-F3AC541EAEA5}.Ad-Hoc|iPhoneSimulator.Build.0 = Release|Any CPU
		{7280DDEF-4EBF-47EF-89EE-F3AC541EAEA5}.Ad-Hoc|iPhoneSimulator.Deploy.0 = Release|Any CPU
		{7280DDEF-4EBF-47EF-89EE-F3AC541EAEA5}.AppStore|Any CPU.ActiveCfg = Release|Any CPU
		{7280DDEF-4EBF-47EF-89EE-F3AC541EAEA5}.AppStore|Any CPU.Build.0 = Release|Any CPU
		{7280DDEF-4EBF-47EF-89EE-F3AC541EAEA5}.AppStore|Any CPU.Deploy.0 = Release|Any CPU
		{7280DDEF-4EBF-47EF-89EE-F3AC541EAEA5}.AppStore|iPhone.ActiveCfg = Release|Any CPU
		{7280DDEF-4EBF-47EF-89EE-F3AC541EAEA5}.AppStore|iPhone.Build.0 = Release|Any CPU
		{7280DDEF-4EBF-47EF-89EE-F3AC541EAEA5}.AppStore|iPhone.Deploy.0 = Release|Any CPU
		{7280DDEF-4EBF-47EF-89EE-F3AC541EAEA5}.AppStore|iPhoneSimulator.ActiveCfg = Release|Any CPU
		{7280DDEF-4EBF-47EF-89EE-F3AC541EAEA5}.AppStore|iPhoneSimulator.Build.0 = Release|Any CPU
		{7280DDEF-4EBF-47EF-89EE-F3AC541EAEA5}.AppStore|iPhoneSimulator.Deploy.0 = Release|Any CPU
		{7280DDEF-4EBF-47EF-89EE-F3AC541EAEA5}.Debug|Any CPU.ActiveCfg = Debug|Any CPU
		{7280DDEF-4EBF-47EF-89EE-F3AC541EAEA5}.Debug|Any CPU.Build.0 = Debug|Any CPU
		{7280DDEF-4EBF-47EF-89EE-F3AC541EAEA5}.Debug|Any CPU.Deploy.0 = Debug|Any CPU
		{7280DDEF-4EBF-47EF-89EE-F3AC541EAEA5}.Debug|iPhone.ActiveCfg = Debug|Any CPU
		{7280DDEF-4EBF-47EF-89EE-F3AC541EAEA5}.Debug|iPhone.Build.0 = Debug|Any CPU
		{7280DDEF-4EBF-47EF-89EE-F3AC541EAEA5}.Debug|iPhone.Deploy.0 = Debug|Any CPU
		{7280DDEF-4EBF-47EF-89EE-F3AC541EAEA5}.Debug|iPhoneSimulator.ActiveCfg = Debug|Any CPU
		{7280DDEF-4EBF-47EF-89EE-F3AC541EAEA5}.Debug|iPhoneSimulator.Build.0 = Debug|Any CPU
		{7280DDEF-4EBF-47EF-89EE-F3AC541EAEA5}.Debug|iPhoneSimulator.Deploy.0 = Debug|Any CPU
		{7280DDEF-4EBF-47EF-89EE-F3AC541EAEA5}.Release|Any CPU.ActiveCfg = Release|Any CPU
		{7280DDEF-4EBF-47EF-89EE-F3AC541EAEA5}.Release|Any CPU.Build.0 = Release|Any CPU
		{7280DDEF-4EBF-47EF-89EE-F3AC541EAEA5}.Release|Any CPU.Deploy.0 = Release|Any CPU
		{7280DDEF-4EBF-47EF-89EE-F3AC541EAEA5}.Release|iPhone.ActiveCfg = Release|Any CPU
		{7280DDEF-4EBF-47EF-89EE-F3AC541EAEA5}.Release|iPhone.Build.0 = Release|Any CPU
		{7280DDEF-4EBF-47EF-89EE-F3AC541EAEA5}.Release|iPhone.Deploy.0 = Release|Any CPU
		{7280DDEF-4EBF-47EF-89EE-F3AC541EAEA5}.Release|iPhoneSimulator.ActiveCfg = Release|Any CPU
		{7280DDEF-4EBF-47EF-89EE-F3AC541EAEA5}.Release|iPhoneSimulator.Build.0 = Release|Any CPU
		{7280DDEF-4EBF-47EF-89EE-F3AC541EAEA5}.Release|iPhoneSimulator.Deploy.0 = Release|Any CPU
		{F68C40E2-A318-45E4-BA2B-9F931A19E22C}.Ad-Hoc|Any CPU.ActiveCfg = Ad-Hoc|iPhone
		{F68C40E2-A318-45E4-BA2B-9F931A19E22C}.Ad-Hoc|Any CPU.Build.0 = Ad-Hoc|iPhone
		{F68C40E2-A318-45E4-BA2B-9F931A19E22C}.Ad-Hoc|Any CPU.Deploy.0 = Ad-Hoc|iPhone
		{F68C40E2-A318-45E4-BA2B-9F931A19E22C}.Ad-Hoc|iPhone.ActiveCfg = Ad-Hoc|iPhone
		{F68C40E2-A318-45E4-BA2B-9F931A19E22C}.Ad-Hoc|iPhone.Build.0 = Ad-Hoc|iPhone
		{F68C40E2-A318-45E4-BA2B-9F931A19E22C}.Ad-Hoc|iPhone.Deploy.0 = Ad-Hoc|iPhone
		{F68C40E2-A318-45E4-BA2B-9F931A19E22C}.Ad-Hoc|iPhoneSimulator.ActiveCfg = Ad-Hoc|iPhoneSimulator
		{F68C40E2-A318-45E4-BA2B-9F931A19E22C}.Ad-Hoc|iPhoneSimulator.Build.0 = Ad-Hoc|iPhoneSimulator
		{F68C40E2-A318-45E4-BA2B-9F931A19E22C}.Ad-Hoc|iPhoneSimulator.Deploy.0 = Ad-Hoc|iPhoneSimulator
		{F68C40E2-A318-45E4-BA2B-9F931A19E22C}.AppStore|Any CPU.ActiveCfg = AppStore|iPhone
		{F68C40E2-A318-45E4-BA2B-9F931A19E22C}.AppStore|Any CPU.Build.0 = AppStore|iPhone
		{F68C40E2-A318-45E4-BA2B-9F931A19E22C}.AppStore|Any CPU.Deploy.0 = AppStore|iPhone
		{F68C40E2-A318-45E4-BA2B-9F931A19E22C}.AppStore|iPhone.ActiveCfg = AppStore|iPhone
		{F68C40E2-A318-45E4-BA2B-9F931A19E22C}.AppStore|iPhone.Build.0 = AppStore|iPhone
		{F68C40E2-A318-45E4-BA2B-9F931A19E22C}.AppStore|iPhone.Deploy.0 = AppStore|iPhone
		{F68C40E2-A318-45E4-BA2B-9F931A19E22C}.AppStore|iPhoneSimulator.ActiveCfg = AppStore|iPhoneSimulator
		{F68C40E2-A318-45E4-BA2B-9F931A19E22C}.AppStore|iPhoneSimulator.Build.0 = AppStore|iPhoneSimulator
		{F68C40E2-A318-45E4-BA2B-9F931A19E22C}.AppStore|iPhoneSimulator.Deploy.0 = AppStore|iPhoneSimulator
		{F68C40E2-A318-45E4-BA2B-9F931A19E22C}.Debug|Any CPU.ActiveCfg = Debug|iPhoneSimulator
		{F68C40E2-A318-45E4-BA2B-9F931A19E22C}.Debug|Any CPU.Build.0 = Debug|iPhoneSimulator
		{F68C40E2-A318-45E4-BA2B-9F931A19E22C}.Debug|Any CPU.Deploy.0 = Debug|iPhoneSimulator
		{F68C40E2-A318-45E4-BA2B-9F931A19E22C}.Debug|iPhone.ActiveCfg = Debug|iPhone
		{F68C40E2-A318-45E4-BA2B-9F931A19E22C}.Debug|iPhone.Build.0 = Debug|iPhone
		{F68C40E2-A318-45E4-BA2B-9F931A19E22C}.Debug|iPhone.Deploy.0 = Debug|iPhone
		{F68C40E2-A318-45E4-BA2B-9F931A19E22C}.Debug|iPhoneSimulator.ActiveCfg = Debug|iPhoneSimulator
		{F68C40E2-A318-45E4-BA2B-9F931A19E22C}.Debug|iPhoneSimulator.Build.0 = Debug|iPhoneSimulator
		{F68C40E2-A318-45E4-BA2B-9F931A19E22C}.Debug|iPhoneSimulator.Deploy.0 = Debug|iPhoneSimulator
		{F68C40E2-A318-45E4-BA2B-9F931A19E22C}.Release|Any CPU.ActiveCfg = Release|iPhone
		{F68C40E2-A318-45E4-BA2B-9F931A19E22C}.Release|Any CPU.Build.0 = Release|iPhone
		{F68C40E2-A318-45E4-BA2B-9F931A19E22C}.Release|Any CPU.Deploy.0 = Release|iPhone
		{F68C40E2-A318-45E4-BA2B-9F931A19E22C}.Release|iPhone.ActiveCfg = Release|iPhone
		{F68C40E2-A318-45E4-BA2B-9F931A19E22C}.Release|iPhone.Build.0 = Release|iPhone
		{F68C40E2-A318-45E4-BA2B-9F931A19E22C}.Release|iPhone.Deploy.0 = Release|iPhone
		{F68C40E2-A318-45E4-BA2B-9F931A19E22C}.Release|iPhoneSimulator.ActiveCfg = Release|iPhoneSimulator
		{F68C40E2-A318-45E4-BA2B-9F931A19E22C}.Release|iPhoneSimulator.Build.0 = Release|iPhoneSimulator
		{F68C40E2-A318-45E4-BA2B-9F931A19E22C}.Release|iPhoneSimulator.Deploy.0 = Release|iPhoneSimulator
		{C48D5AF3-E50D-4693-BFF6-1209A649D8F6}.Ad-Hoc|Any CPU.ActiveCfg = Debug|Any CPU
		{C48D5AF3-E50D-4693-BFF6-1209A649D8F6}.Ad-Hoc|Any CPU.Build.0 = Debug|Any CPU
		{C48D5AF3-E50D-4693-BFF6-1209A649D8F6}.Ad-Hoc|Any CPU.Deploy.0 = Debug|Any CPU
		{C48D5AF3-E50D-4693-BFF6-1209A649D8F6}.Ad-Hoc|iPhone.ActiveCfg = Debug|Any CPU
		{C48D5AF3-E50D-4693-BFF6-1209A649D8F6}.Ad-Hoc|iPhone.Build.0 = Debug|Any CPU
		{C48D5AF3-E50D-4693-BFF6-1209A649D8F6}.Ad-Hoc|iPhone.Deploy.0 = Debug|Any CPU
		{C48D5AF3-E50D-4693-BFF6-1209A649D8F6}.Ad-Hoc|iPhoneSimulator.ActiveCfg = Debug|Any CPU
		{C48D5AF3-E50D-4693-BFF6-1209A649D8F6}.Ad-Hoc|iPhoneSimulator.Build.0 = Debug|Any CPU
		{C48D5AF3-E50D-4693-BFF6-1209A649D8F6}.Ad-Hoc|iPhoneSimulator.Deploy.0 = Debug|Any CPU
		{C48D5AF3-E50D-4693-BFF6-1209A649D8F6}.AppStore|Any CPU.ActiveCfg = Debug|Any CPU
		{C48D5AF3-E50D-4693-BFF6-1209A649D8F6}.AppStore|Any CPU.Build.0 = Debug|Any CPU
		{C48D5AF3-E50D-4693-BFF6-1209A649D8F6}.AppStore|Any CPU.Deploy.0 = Debug|Any CPU
		{C48D5AF3-E50D-4693-BFF6-1209A649D8F6}.AppStore|iPhone.ActiveCfg = Debug|Any CPU
		{C48D5AF3-E50D-4693-BFF6-1209A649D8F6}.AppStore|iPhone.Build.0 = Debug|Any CPU
		{C48D5AF3-E50D-4693-BFF6-1209A649D8F6}.AppStore|iPhone.Deploy.0 = Debug|Any CPU
		{C48D5AF3-E50D-4693-BFF6-1209A649D8F6}.AppStore|iPhoneSimulator.ActiveCfg = Debug|Any CPU
		{C48D5AF3-E50D-4693-BFF6-1209A649D8F6}.AppStore|iPhoneSimulator.Build.0 = Debug|Any CPU
		{C48D5AF3-E50D-4693-BFF6-1209A649D8F6}.AppStore|iPhoneSimulator.Deploy.0 = Debug|Any CPU
		{C48D5AF3-E50D-4693-BFF6-1209A649D8F6}.Debug|Any CPU.ActiveCfg = Debug|Any CPU
		{C48D5AF3-E50D-4693-BFF6-1209A649D8F6}.Debug|Any CPU.Build.0 = Debug|Any CPU
		{C48D5AF3-E50D-4693-BFF6-1209A649D8F6}.Debug|Any CPU.Deploy.0 = Debug|Any CPU
		{C48D5AF3-E50D-4693-BFF6-1209A649D8F6}.Debug|iPhone.ActiveCfg = Debug|Any CPU
		{C48D5AF3-E50D-4693-BFF6-1209A649D8F6}.Debug|iPhone.Build.0 = Debug|Any CPU
		{C48D5AF3-E50D-4693-BFF6-1209A649D8F6}.Debug|iPhone.Deploy.0 = Debug|Any CPU
		{C48D5AF3-E50D-4693-BFF6-1209A649D8F6}.Debug|iPhoneSimulator.ActiveCfg = Debug|Any CPU
		{C48D5AF3-E50D-4693-BFF6-1209A649D8F6}.Debug|iPhoneSimulator.Build.0 = Debug|Any CPU
		{C48D5AF3-E50D-4693-BFF6-1209A649D8F6}.Debug|iPhoneSimulator.Deploy.0 = Debug|Any CPU
		{C48D5AF3-E50D-4693-BFF6-1209A649D8F6}.Release|Any CPU.ActiveCfg = Release|Any CPU
		{C48D5AF3-E50D-4693-BFF6-1209A649D8F6}.Release|Any CPU.Build.0 = Release|Any CPU
		{C48D5AF3-E50D-4693-BFF6-1209A649D8F6}.Release|Any CPU.Deploy.0 = Release|Any CPU
		{C48D5AF3-E50D-4693-BFF6-1209A649D8F6}.Release|iPhone.ActiveCfg = Release|Any CPU
		{C48D5AF3-E50D-4693-BFF6-1209A649D8F6}.Release|iPhone.Build.0 = Release|Any CPU
		{C48D5AF3-E50D-4693-BFF6-1209A649D8F6}.Release|iPhone.Deploy.0 = Release|Any CPU
		{C48D5AF3-E50D-4693-BFF6-1209A649D8F6}.Release|iPhoneSimulator.ActiveCfg = Release|Any CPU
		{C48D5AF3-E50D-4693-BFF6-1209A649D8F6}.Release|iPhoneSimulator.Build.0 = Release|Any CPU
		{C48D5AF3-E50D-4693-BFF6-1209A649D8F6}.Release|iPhoneSimulator.Deploy.0 = Release|Any CPU
	EndGlobalSection
	GlobalSection(SolutionProperties) = preSolution
		HideSolutionNode = FALSE
	EndGlobalSection
	GlobalSection(ExtensibilityGlobals) = postSolution
		SolutionGuid = {9E242936-AE67-421A-8E37-2754D0E91434}
	EndGlobalSection
EndGlobal
