
Microsoft Visual Studio Solution File, Format Version 12.00
# Visual Studio 15
VisualStudioVersion = 15.0.28307.902
MinimumVisualStudioVersion = 10.0.40219.1
Project("{FAE04EC0-301F-11D3-BF4B-00C04F79EFBC}") = "Chapter7.Android", "Chapter7\Chapter7.Android\Chapter7.Android.csproj", "{C0B1C25D-F465-48FE-BDC0-7AE91703A414}"
EndProject
Project("{FAE04EC0-301F-11D3-BF4B-00C04F79EFBC}") = "Chapter7.iOS", "Chapter7\Chapter7.iOS\Chapter7.iOS.csproj", "{AF6FCFE2-281A-4343-8229-F91CFDE9B41E}"
EndProject
Project("{FAE04EC0-301F-11D3-BF4B-00C04F79EFBC}") = "Chapter7", "Chapter7\Chapter7\Chapter7.csproj", "{861733D1-CADE-485C-A661-C6614DA4E618}"
EndProject
Global
	GlobalSection(SolutionConfigurationPlatforms) = preSolution
		Ad-Hoc|Any CPU = Ad-Hoc|Any CPU
		Ad-Hoc|iPhone = Ad-Hoc|iPhone
		Ad-Hoc|iPhoneSimulator = Ad-Hoc|iPhoneSimulator
		AppStore|Any CPU = AppStore|Any CPU
		AppStore|iPhone = AppStore|iPhone
		AppStore|iPhoneSimulator = AppStore|iPhoneSimulator
		Debug|Any CPU = Debug|Any CPU
		Debug|iPhone = Debug|iPhone
		Debug|iPhoneSimulator = Debug|iPhoneSimulator
		Release|Any CPU = Release|Any CPU
		Release|iPhone = Release|iPhone
		Release|iPhoneSimulator = Release|iPhoneSimulator
	EndGlobalSection
	GlobalSection(ProjectConfigurationPlatforms) = postSolution
		{C0B1C25D-F465-48FE-BDC0-7AE91703A414}.Ad-Hoc|Any CPU.ActiveCfg = Release|Any CPU
		{C0B1C25D-F465-48FE-BDC0-7AE91703A414}.Ad-Hoc|Any CPU.Build.0 = Release|Any CPU
		{C0B1C25D-F465-48FE-BDC0-7AE91703A414}.Ad-Hoc|Any CPU.Deploy.0 = Release|Any CPU
		{C0B1C25D-F465-48FE-BDC0-7AE91703A414}.Ad-Hoc|iPhone.ActiveCfg = Release|Any CPU
		{C0B1C25D-F465-48FE-BDC0-7AE91703A414}.Ad-Hoc|iPhone.Build.0 = Release|Any CPU
		{C0B1C25D-F465-48FE-BDC0-7AE91703A414}.Ad-Hoc|iPhone.Deploy.0 = Release|Any CPU
		{C0B1C25D-F465-48FE-BDC0-7AE91703A414}.Ad-Hoc|iPhoneSimulator.ActiveCfg = Release|Any CPU
		{C0B1C25D-F465-48FE-BDC0-7AE91703A414}.Ad-Hoc|iPhoneSimulator.Build.0 = Release|Any CPU
		{C0B1C25D-F465-48FE-BDC0-7AE91703A414}.Ad-Hoc|iPhoneSimulator.Deploy.0 = Release|Any CPU
		{C0B1C25D-F465-48FE-BDC0-7AE91703A414}.AppStore|Any CPU.ActiveCfg = Release|Any CPU
		{C0B1C25D-F465-48FE-BDC0-7AE91703A414}.AppStore|Any CPU.Build.0 = Release|Any CPU
		{C0B1C25D-F465-48FE-BDC0-7AE91703A414}.AppStore|Any CPU.Deploy.0 = Release|Any CPU
		{C0B1C25D-F465-48FE-BDC0-7AE91703A414}.AppStore|iPhone.ActiveCfg = Release|Any CPU
		{C0B1C25D-F465-48FE-BDC0-7AE91703A414}.AppStore|iPhone.Build.0 = Release|Any CPU
		{C0B1C25D-F465-48FE-BDC0-7AE91703A414}.AppStore|iPhone.Deploy.0 = Release|Any CPU
		{C0B1C25D-F465-48FE-BDC0-7AE91703A414}.AppStore|iPhoneSimulator.ActiveCfg = Release|Any CPU
		{C0B1C25D-F465-48FE-BDC0-7AE91703A414}.AppStore|iPhoneSimulator.Build.0 = Release|Any CPU
		{C0B1C25D-F465-48FE-BDC0-7AE91703A414}.AppStore|iPhoneSimulator.Deploy.0 = Release|Any CPU
		{C0B1C25D-F465-48FE-BDC0-7AE91703A414}.Debug|Any CPU.ActiveCfg = Debug|Any CPU
		{C0B1C25D-F465-48FE-BDC0-7AE91703A414}.Debug|Any CPU.Build.0 = Debug|Any CPU
		{C0B1C25D-F465-48FE-BDC0-7AE91703A414}.Debug|Any CPU.Deploy.0 = Debug|Any CPU
		{C0B1C25D-F465-48FE-BDC0-7AE91703A414}.Debug|iPhone.ActiveCfg = Debug|Any CPU
		{C0B1C25D-F465-48FE-BDC0-7AE91703A414}.Debug|iPhone.Build.0 = Debug|Any CPU
		{C0B1C25D-F465-48FE-BDC0-7AE91703A414}.Debug|iPhone.Deploy.0 = Debug|Any CPU
		{C0B1C25D-F465-48FE-BDC0-7AE91703A414}.Debug|iPhoneSimulator.ActiveCfg = Debug|Any CPU
		{C0B1C25D-F465-48FE-BDC0-7AE91703A414}.Debug|iPhoneSimulator.Build.0 = Debug|Any CPU
		{C0B1C25D-F465-48FE-BDC0-7AE91703A414}.Debug|iPhoneSimulator.Deploy.0 = Debug|Any CPU
		{C0B1C25D-F465-48FE-BDC0-7AE91703A414}.Release|Any CPU.ActiveCfg = Release|Any CPU
		{C0B1C25D-F465-48FE-BDC0-7AE91703A414}.Release|Any CPU.Build.0 = Release|Any CPU
		{C0B1C25D-F465-48FE-BDC0-7AE91703A414}.Release|Any CPU.Deploy.0 = Release|Any CPU
		{C0B1C25D-F465-48FE-BDC0-7AE91703A414}.Release|iPhone.ActiveCfg = Release|Any CPU
		{C0B1C25D-F465-48FE-BDC0-7AE91703A414}.Release|iPhone.Build.0 = Release|Any CPU
		{C0B1C25D-F465-48FE-BDC0-7AE91703A414}.Release|iPhone.Deploy.0 = Release|Any CPU
		{C0B1C25D-F465-48FE-BDC0-7AE91703A414}.Release|iPhoneSimulator.ActiveCfg = Release|Any CPU
		{C0B1C25D-F465-48FE-BDC0-7AE91703A414}.Release|iPhoneSimulator.Build.0 = Release|Any CPU
		{C0B1C25D-F465-48FE-BDC0-7AE91703A414}.Release|iPhoneSimulator.Deploy.0 = Release|Any CPU
		{AF6FCFE2-281A-4343-8229-F91CFDE9B41E}.Ad-Hoc|Any CPU.ActiveCfg = Ad-Hoc|iPhone
		{AF6FCFE2-281A-4343-8229-F91CFDE9B41E}.Ad-Hoc|Any CPU.Build.0 = Ad-Hoc|iPhone
		{AF6FCFE2-281A-4343-8229-F91CFDE9B41E}.Ad-Hoc|Any CPU.Deploy.0 = Ad-Hoc|iPhone
		{AF6FCFE2-281A-4343-8229-F91CFDE9B41E}.Ad-Hoc|iPhone.ActiveCfg = Ad-Hoc|iPhone
		{AF6FCFE2-281A-4343-8229-F91CFDE9B41E}.Ad-Hoc|iPhone.Build.0 = Ad-Hoc|iPhone
		{AF6FCFE2-281A-4343-8229-F91CFDE9B41E}.Ad-Hoc|iPhone.Deploy.0 = Ad-Hoc|iPhone
		{AF6FCFE2-281A-4343-8229-F91CFDE9B41E}.Ad-Hoc|iPhoneSimulator.ActiveCfg = Ad-Hoc|iPhoneSimulator
		{AF6FCFE2-281A-4343-8229-F91CFDE9B41E}.Ad-Hoc|iPhoneSimulator.Build.0 = Ad-Hoc|iPhoneSimulator
		{AF6FCFE2-281A-4343-8229-F91CFDE9B41E}.Ad-Hoc|iPhoneSimulator.Deploy.0 = Ad-Hoc|iPhoneSimulator
		{AF6FCFE2-281A-4343-8229-F91CFDE9B41E}.AppStore|Any CPU.ActiveCfg = AppStore|iPhone
		{AF6FCFE2-281A-4343-8229-F91CFDE9B41E}.AppStore|Any CPU.Build.0 = AppStore|iPhone
		{AF6FCFE2-281A-4343-8229-F91CFDE9B41E}.AppStore|Any CPU.Deploy.0 = AppStore|iPhone
		{AF6FCFE2-281A-4343-8229-F91CFDE9B41E}.AppStore|iPhone.ActiveCfg = AppStore|iPhone
		{AF6FCFE2-281A-4343-8229-F91CFDE9B41E}.AppStore|iPhone.Build.0 = AppStore|iPhone
		{AF6FCFE2-281A-4343-8229-F91CFDE9B41E}.AppStore|iPhone.Deploy.0 = AppStore|iPhone
		{AF6FCFE2-281A-4343-8229-F91CFDE9B41E}.AppStore|iPhoneSimulator.ActiveCfg = AppStore|iPhoneSimulator
		{AF6FCFE2-281A-4343-8229-F91CFDE9B41E}.AppStore|iPhoneSimulator.Build.0 = AppStore|iPhoneSimulator
		{AF6FCFE2-281A-4343-8229-F91CFDE9B41E}.AppStore|iPhoneSimulator.Deploy.0 = AppStore|iPhoneSimulator
		{AF6FCFE2-281A-4343-8229-F91CFDE9B41E}.Debug|Any CPU.ActiveCfg = Debug|iPhoneSimulator
		{AF6FCFE2-281A-4343-8229-F91CFDE9B41E}.Debug|Any CPU.Build.0 = Debug|iPhoneSimulator
		{AF6FCFE2-281A-4343-8229-F91CFDE9B41E}.Debug|Any CPU.Deploy.0 = Debug|iPhoneSimulator
		{AF6FCFE2-281A-4343-8229-F91CFDE9B41E}.Debug|iPhone.ActiveCfg = Debug|iPhone
		{AF6FCFE2-281A-4343-8229-F91CFDE9B41E}.Debug|iPhone.Build.0 = Debug|iPhone
		{AF6FCFE2-281A-4343-8229-F91CFDE9B41E}.Debug|iPhone.Deploy.0 = Debug|iPhone
		{AF6FCFE2-281A-4343-8229-F91CFDE9B41E}.Debug|iPhoneSimulator.ActiveCfg = Debug|iPhoneSimulator
		{AF6FCFE2-281A-4343-8229-F91CFDE9B41E}.Debug|iPhoneSimulator.Build.0 = Debug|iPhoneSimulator
		{AF6FCFE2-281A-4343-8229-F91CFDE9B41E}.Debug|iPhoneSimulator.Deploy.0 = Debug|iPhoneSimulator
		{AF6FCFE2-281A-4343-8229-F91CFDE9B41E}.Release|Any CPU.ActiveCfg = Release|iPhone
		{AF6FCFE2-281A-4343-8229-F91CFDE9B41E}.Release|Any CPU.Build.0 = Release|iPhone
		{AF6FCFE2-281A-4343-8229-F91CFDE9B41E}.Release|Any CPU.Deploy.0 = Release|iPhone
		{AF6FCFE2-281A-4343-8229-F91CFDE9B41E}.Release|iPhone.ActiveCfg = Release|iPhone
		{AF6FCFE2-281A-4343-8229-F91CFDE9B41E}.Release|iPhone.Build.0 = Release|iPhone
		{AF6FCFE2-281A-4343-8229-F91CFDE9B41E}.Release|iPhone.Deploy.0 = Release|iPhone
		{AF6FCFE2-281A-4343-8229-F91CFDE9B41E}.Release|iPhoneSimulator.ActiveCfg = Release|iPhoneSimulator
		{AF6FCFE2-281A-4343-8229-F91CFDE9B41E}.Release|iPhoneSimulator.Build.0 = Release|iPhoneSimulator
		{AF6FCFE2-281A-4343-8229-F91CFDE9B41E}.Release|iPhoneSimulator.Deploy.0 = Release|iPhoneSimulator
		{861733D1-CADE-485C-A661-C6614DA4E618}.Ad-Hoc|Any CPU.ActiveCfg = Debug|Any CPU
		{861733D1-CADE-485C-A661-C6614DA4E618}.Ad-Hoc|Any CPU.Build.0 = Debug|Any CPU
		{861733D1-CADE-485C-A661-C6614DA4E618}.Ad-Hoc|Any CPU.Deploy.0 = Debug|Any CPU
		{861733D1-CADE-485C-A661-C6614DA4E618}.Ad-Hoc|iPhone.ActiveCfg = Debug|Any CPU
		{861733D1-CADE-485C-A661-C6614DA4E618}.Ad-Hoc|iPhone.Build.0 = Debug|Any CPU
		{861733D1-CADE-485C-A661-C6614DA4E618}.Ad-Hoc|iPhone.Deploy.0 = Debug|Any CPU
		{861733D1-CADE-485C-A661-C6614DA4E618}.Ad-Hoc|iPhoneSimulator.ActiveCfg = Debug|Any CPU
		{861733D1-CADE-485C-A661-C6614DA4E618}.Ad-Hoc|iPhoneSimulator.Build.0 = Debug|Any CPU
		{861733D1-CADE-485C-A661-C6614DA4E618}.Ad-Hoc|iPhoneSimulator.Deploy.0 = Debug|Any CPU
		{861733D1-CADE-485C-A661-C6614DA4E618}.AppStore|Any CPU.ActiveCfg = Debug|Any CPU
		{861733D1-CADE-485C-A661-C6614DA4E618}.AppStore|Any CPU.Build.0 = Debug|Any CPU
		{861733D1-CADE-485C-A661-C6614DA4E618}.AppStore|Any CPU.Deploy.0 = Debug|Any CPU
		{861733D1-CADE-485C-A661-C6614DA4E618}.AppStore|iPhone.ActiveCfg = Debug|Any CPU
		{861733D1-CADE-485C-A661-C6614DA4E618}.AppStore|iPhone.Build.0 = Debug|Any CPU
		{861733D1-CADE-485C-A661-C6614DA4E618}.AppStore|iPhone.Deploy.0 = Debug|Any CPU
		{861733D1-CADE-485C-A661-C6614DA4E618}.AppStore|iPhoneSimulator.ActiveCfg = Debug|Any CPU
		{861733D1-CADE-485C-A661-C6614DA4E618}.AppStore|iPhoneSimulator.Build.0 = Debug|Any CPU
		{861733D1-CADE-485C-A661-C6614DA4E618}.AppStore|iPhoneSimulator.Deploy.0 = Debug|Any CPU
		{861733D1-CADE-485C-A661-C6614DA4E618}.Debug|Any CPU.ActiveCfg = Debug|Any CPU
		{861733D1-CADE-485C-A661-C6614DA4E618}.Debug|Any CPU.Build.0 = Debug|Any CPU
		{861733D1-CADE-485C-A661-C6614DA4E618}.Debug|Any CPU.Deploy.0 = Debug|Any CPU
		{861733D1-CADE-485C-A661-C6614DA4E618}.Debug|iPhone.ActiveCfg = Debug|Any CPU
		{861733D1-CADE-485C-A661-C6614DA4E618}.Debug|iPhone.Build.0 = Debug|Any CPU
		{861733D1-CADE-485C-A661-C6614DA4E618}.Debug|iPhone.Deploy.0 = Debug|Any CPU
		{861733D1-CADE-485C-A661-C6614DA4E618}.Debug|iPhoneSimulator.ActiveCfg = Debug|Any CPU
		{861733D1-CADE-485C-A661-C6614DA4E618}.Debug|iPhoneSimulator.Build.0 = Debug|Any CPU
		{861733D1-CADE-485C-A661-C6614DA4E618}.Debug|iPhoneSimulator.Deploy.0 = Debug|Any CPU
		{861733D1-CADE-485C-A661-C6614DA4E618}.Release|Any CPU.ActiveCfg = Release|Any CPU
		{861733D1-CADE-485C-A661-C6614DA4E618}.Release|Any CPU.Build.0 = Release|Any CPU
		{861733D1-CADE-485C-A661-C6614DA4E618}.Release|Any CPU.Deploy.0 = Release|Any CPU
		{861733D1-CADE-485C-A661-C6614DA4E618}.Release|iPhone.ActiveCfg = Release|Any CPU
		{861733D1-CADE-485C-A661-C6614DA4E618}.Release|iPhone.Build.0 = Release|Any CPU
		{861733D1-CADE-485C-A661-C6614DA4E618}.Release|iPhone.Deploy.0 = Release|Any CPU
		{861733D1-CADE-485C-A661-C6614DA4E618}.Release|iPhoneSimulator.ActiveCfg = Release|Any CPU
		{861733D1-CADE-485C-A661-C6614DA4E618}.Release|iPhoneSimulator.Build.0 = Release|Any CPU
		{861733D1-CADE-485C-A661-C6614DA4E618}.Release|iPhoneSimulator.Deploy.0 = Release|Any CPU
	EndGlobalSection
	GlobalSection(SolutionProperties) = preSolution
		HideSolutionNode = FALSE
	EndGlobalSection
	GlobalSection(ExtensibilityGlobals) = postSolution
		SolutionGuid = {AB07BEC9-E09E-4D6C-A523-83F9EED4562B}
	EndGlobalSection
EndGlobal
