
Microsoft Visual Studio Solution File, Format Version 12.00
# Visual Studio 15
VisualStudioVersion = 15.0.28307.902
MinimumVisualStudioVersion = 10.0.40219.1
Project("{FAE04EC0-301F-11D3-BF4B-00C04F79EFBC}") = "EffectExample.Android", "EffectExample\EffectExample.Android\EffectExample.Android.csproj", "{8CBC375A-CFFB-4D36-A798-34557D12DB95}"
EndProject
Project("{FAE04EC0-301F-11D3-BF4B-00C04F79EFBC}") = "EffectExample.iOS", "EffectExample\EffectExample.iOS\EffectExample.iOS.csproj", "{102E4BCB-806A-45D6-BB0B-0C17F69D4A10}"
EndProject
Project("{FAE04EC0-301F-11D3-BF4B-00C04F79EFBC}") = "EffectExample", "EffectExample\EffectExample\EffectExample.csproj", "{A5CC36BB-A4D3-4121-A4A4-B1AD9F9CBA9A}"
EndProject
Global
	GlobalSection(SolutionConfigurationPlatforms) = preSolution
		Ad-Hoc|Any CPU = Ad-Hoc|Any CPU
		Ad-Hoc|iPhone = Ad-Hoc|iPhone
		Ad-Hoc|iPhoneSimulator = Ad-Hoc|iPhoneSimulator
		AppStore|Any CPU = AppStore|Any CPU
		AppStore|iPhone = AppStore|iPhone
		AppStore|iPhoneSimulator = AppStore|iPhoneSimulator
		Debug|Any CPU = Debug|Any CPU
		Debug|iPhone = Debug|iPhone
		Debug|iPhoneSimulator = Debug|iPhoneSimulator
		Release|Any CPU = Release|Any CPU
		Release|iPhone = Release|iPhone
		Release|iPhoneSimulator = Release|iPhoneSimulator
	EndGlobalSection
	GlobalSection(ProjectConfigurationPlatforms) = postSolution
		{8CBC375A-CFFB-4D36-A798-34557D12DB95}.Ad-Hoc|Any CPU.ActiveCfg = Release|Any CPU
		{8CBC375A-CFFB-4D36-A798-34557D12DB95}.Ad-Hoc|Any CPU.Build.0 = Release|Any CPU
		{8CBC375A-CFFB-4D36-A798-34557D12DB95}.Ad-Hoc|Any CPU.Deploy.0 = Release|Any CPU
		{8CBC375A-CFFB-4D36-A798-34557D12DB95}.Ad-Hoc|iPhone.ActiveCfg = Release|Any CPU
		{8CBC375A-CFFB-4D36-A798-34557D12DB95}.Ad-Hoc|iPhone.Build.0 = Release|Any CPU
		{8CBC375A-CFFB-4D36-A798-34557D12DB95}.Ad-Hoc|iPhone.Deploy.0 = Release|Any CPU
		{8CBC375A-CFFB-4D36-A798-34557D12DB95}.Ad-Hoc|iPhoneSimulator.ActiveCfg = Release|Any CPU
		{8CBC375A-CFFB-4D36-A798-34557D12DB95}.Ad-Hoc|iPhoneSimulator.Build.0 = Release|Any CPU
		{8CBC375A-CFFB-4D36-A798-34557D12DB95}.Ad-Hoc|iPhoneSimulator.Deploy.0 = Release|Any CPU
		{8CBC375A-CFFB-4D36-A798-34557D12DB95}.AppStore|Any CPU.ActiveCfg = Release|Any CPU
		{8CBC375A-CFFB-4D36-A798-34557D12DB95}.AppStore|Any CPU.Build.0 = Release|Any CPU
		{8CBC375A-CFFB-4D36-A798-34557D12DB95}.AppStore|Any CPU.Deploy.0 = Release|Any CPU
		{8CBC375A-CFFB-4D36-A798-34557D12DB95}.AppStore|iPhone.ActiveCfg = Release|Any CPU
		{8CBC375A-CFFB-4D36-A798-34557D12DB95}.AppStore|iPhone.Build.0 = Release|Any CPU
		{8CBC375A-CFFB-4D36-A798-34557D12DB95}.AppStore|iPhone.Deploy.0 = Release|Any CPU
		{8CBC375A-CFFB-4D36-A798-34557D12DB95}.AppStore|iPhoneSimulator.ActiveCfg = Release|Any CPU
		{8CBC375A-CFFB-4D36-A798-34557D12DB95}.AppStore|iPhoneSimulator.Build.0 = Release|Any CPU
		{8CBC375A-CFFB-4D36-A798-34557D12DB95}.AppStore|iPhoneSimulator.Deploy.0 = Release|Any CPU
		{8CBC375A-CFFB-4D36-A798-34557D12DB95}.Debug|Any CPU.ActiveCfg = Debug|Any CPU
		{8CBC375A-CFFB-4D36-A798-34557D12DB95}.Debug|Any CPU.Build.0 = Debug|Any CPU
		{8CBC375A-CFFB-4D36-A798-34557D12DB95}.Debug|Any CPU.Deploy.0 = Debug|Any CPU
		{8CBC375A-CFFB-4D36-A798-34557D12DB95}.Debug|iPhone.ActiveCfg = Debug|Any CPU
		{8CBC375A-CFFB-4D36-A798-34557D12DB95}.Debug|iPhone.Build.0 = Debug|Any CPU
		{8CBC375A-CFFB-4D36-A798-34557D12DB95}.Debug|iPhone.Deploy.0 = Debug|Any CPU
		{8CBC375A-CFFB-4D36-A798-34557D12DB95}.Debug|iPhoneSimulator.ActiveCfg = Debug|Any CPU
		{8CBC375A-CFFB-4D36-A798-34557D12DB95}.Debug|iPhoneSimulator.Build.0 = Debug|Any CPU
		{8CBC375A-CFFB-4D36-A798-34557D12DB95}.Debug|iPhoneSimulator.Deploy.0 = Debug|Any CPU
		{8CBC375A-CFFB-4D36-A798-34557D12DB95}.Release|Any CPU.ActiveCfg = Release|Any CPU
		{8CBC375A-CFFB-4D36-A798-34557D12DB95}.Release|Any CPU.Build.0 = Release|Any CPU
		{8CBC375A-CFFB-4D36-A798-34557D12DB95}.Release|Any CPU.Deploy.0 = Release|Any CPU
		{8CBC375A-CFFB-4D36-A798-34557D12DB95}.Release|iPhone.ActiveCfg = Release|Any CPU
		{8CBC375A-CFFB-4D36-A798-34557D12DB95}.Release|iPhone.Build.0 = Release|Any CPU
		{8CBC375A-CFFB-4D36-A798-34557D12DB95}.Release|iPhone.Deploy.0 = Release|Any CPU
		{8CBC375A-CFFB-4D36-A798-34557D12DB95}.Release|iPhoneSimulator.ActiveCfg = Release|Any CPU
		{8CBC375A-CFFB-4D36-A798-34557D12DB95}.Release|iPhoneSimulator.Build.0 = Release|Any CPU
		{8CBC375A-CFFB-4D36-A798-34557D12DB95}.Release|iPhoneSimulator.Deploy.0 = Release|Any CPU
		{102E4BCB-806A-45D6-BB0B-0C17F69D4A10}.Ad-Hoc|Any CPU.ActiveCfg = Ad-Hoc|iPhone
		{102E4BCB-806A-45D6-BB0B-0C17F69D4A10}.Ad-Hoc|Any CPU.Build.0 = Ad-Hoc|iPhone
		{102E4BCB-806A-45D6-BB0B-0C17F69D4A10}.Ad-Hoc|Any CPU.Deploy.0 = Ad-Hoc|iPhone
		{102E4BCB-806A-45D6-BB0B-0C17F69D4A10}.Ad-Hoc|iPhone.ActiveCfg = Ad-Hoc|iPhone
		{102E4BCB-806A-45D6-BB0B-0C17F69D4A10}.Ad-Hoc|iPhone.Build.0 = Ad-Hoc|iPhone
		{102E4BCB-806A-45D6-BB0B-0C17F69D4A10}.Ad-Hoc|iPhone.Deploy.0 = Ad-Hoc|iPhone
		{102E4BCB-806A-45D6-BB0B-0C17F69D4A10}.Ad-Hoc|iPhoneSimulator.ActiveCfg = Ad-Hoc|iPhoneSimulator
		{102E4BCB-806A-45D6-BB0B-0C17F69D4A10}.Ad-Hoc|iPhoneSimulator.Build.0 = Ad-Hoc|iPhoneSimulator
		{102E4BCB-806A-45D6-BB0B-0C17F69D4A10}.Ad-Hoc|iPhoneSimulator.Deploy.0 = Ad-Hoc|iPhoneSimulator
		{102E4BCB-806A-45D6-BB0B-0C17F69D4A10}.AppStore|Any CPU.ActiveCfg = AppStore|iPhone
		{102E4BCB-806A-45D6-BB0B-0C17F69D4A10}.AppStore|Any CPU.Build.0 = AppStore|iPhone
		{102E4BCB-806A-45D6-BB0B-0C17F69D4A10}.AppStore|Any CPU.Deploy.0 = AppStore|iPhone
		{102E4BCB-806A-45D6-BB0B-0C17F69D4A10}.AppStore|iPhone.ActiveCfg = AppStore|iPhone
		{102E4BCB-806A-45D6-BB0B-0C17F69D4A10}.AppStore|iPhone.Build.0 = AppStore|iPhone
		{102E4BCB-806A-45D6-BB0B-0C17F69D4A10}.AppStore|iPhone.Deploy.0 = AppStore|iPhone
		{102E4BCB-806A-45D6-BB0B-0C17F69D4A10}.AppStore|iPhoneSimulator.ActiveCfg = AppStore|iPhoneSimulator
		{102E4BCB-806A-45D6-BB0B-0C17F69D4A10}.AppStore|iPhoneSimulator.Build.0 = AppStore|iPhoneSimulator
		{102E4BCB-806A-45D6-BB0B-0C17F69D4A10}.AppStore|iPhoneSimulator.Deploy.0 = AppStore|iPhoneSimulator
		{102E4BCB-806A-45D6-BB0B-0C17F69D4A10}.Debug|Any CPU.ActiveCfg = Debug|iPhoneSimulator
		{102E4BCB-806A-45D6-BB0B-0C17F69D4A10}.Debug|Any CPU.Build.0 = Debug|iPhoneSimulator
		{102E4BCB-806A-45D6-BB0B-0C17F69D4A10}.Debug|Any CPU.Deploy.0 = Debug|iPhoneSimulator
		{102E4BCB-806A-45D6-BB0B-0C17F69D4A10}.Debug|iPhone.ActiveCfg = Debug|iPhone
		{102E4BCB-806A-45D6-BB0B-0C17F69D4A10}.Debug|iPhone.Build.0 = Debug|iPhone
		{102E4BCB-806A-45D6-BB0B-0C17F69D4A10}.Debug|iPhone.Deploy.0 = Debug|iPhone
		{102E4BCB-806A-45D6-BB0B-0C17F69D4A10}.Debug|iPhoneSimulator.ActiveCfg = Debug|iPhoneSimulator
		{102E4BCB-806A-45D6-BB0B-0C17F69D4A10}.Debug|iPhoneSimulator.Build.0 = Debug|iPhoneSimulator
		{102E4BCB-806A-45D6-BB0B-0C17F69D4A10}.Debug|iPhoneSimulator.Deploy.0 = Debug|iPhoneSimulator
		{102E4BCB-806A-45D6-BB0B-0C17F69D4A10}.Release|Any CPU.ActiveCfg = Release|iPhone
		{102E4BCB-806A-45D6-BB0B-0C17F69D4A10}.Release|Any CPU.Build.0 = Release|iPhone
		{102E4BCB-806A-45D6-BB0B-0C17F69D4A10}.Release|Any CPU.Deploy.0 = Release|iPhone
		{102E4BCB-806A-45D6-BB0B-0C17F69D4A10}.Release|iPhone.ActiveCfg = Release|iPhone
		{102E4BCB-806A-45D6-BB0B-0C17F69D4A10}.Release|iPhone.Build.0 = Release|iPhone
		{102E4BCB-806A-45D6-BB0B-0C17F69D4A10}.Release|iPhone.Deploy.0 = Release|iPhone
		{102E4BCB-806A-45D6-BB0B-0C17F69D4A10}.Release|iPhoneSimulator.ActiveCfg = Release|iPhoneSimulator
		{102E4BCB-806A-45D6-BB0B-0C17F69D4A10}.Release|iPhoneSimulator.Build.0 = Release|iPhoneSimulator
		{102E4BCB-806A-45D6-BB0B-0C17F69D4A10}.Release|iPhoneSimulator.Deploy.0 = Release|iPhoneSimulator
		{A5CC36BB-A4D3-4121-A4A4-B1AD9F9CBA9A}.Ad-Hoc|Any CPU.ActiveCfg = Debug|Any CPU
		{A5CC36BB-A4D3-4121-A4A4-B1AD9F9CBA9A}.Ad-Hoc|Any CPU.Build.0 = Debug|Any CPU
		{A5CC36BB-A4D3-4121-A4A4-B1AD9F9CBA9A}.Ad-Hoc|Any CPU.Deploy.0 = Debug|Any CPU
		{A5CC36BB-A4D3-4121-A4A4-B1AD9F9CBA9A}.Ad-Hoc|iPhone.ActiveCfg = Debug|Any CPU
		{A5CC36BB-A4D3-4121-A4A4-B1AD9F9CBA9A}.Ad-Hoc|iPhone.Build.0 = Debug|Any CPU
		{A5CC36BB-A4D3-4121-A4A4-B1AD9F9CBA9A}.Ad-Hoc|iPhone.Deploy.0 = Debug|Any CPU
		{A5CC36BB-A4D3-4121-A4A4-B1AD9F9CBA9A}.Ad-Hoc|iPhoneSimulator.ActiveCfg = Debug|Any CPU
		{A5CC36BB-A4D3-4121-A4A4-B1AD9F9CBA9A}.Ad-Hoc|iPhoneSimulator.Build.0 = Debug|Any CPU
		{A5CC36BB-A4D3-4121-A4A4-B1AD9F9CBA9A}.Ad-Hoc|iPhoneSimulator.Deploy.0 = Debug|Any CPU
		{A5CC36BB-A4D3-4121-A4A4-B1AD9F9CBA9A}.AppStore|Any CPU.ActiveCfg = Debug|Any CPU
		{A5CC36BB-A4D3-4121-A4A4-B1AD9F9CBA9A}.AppStore|Any CPU.Build.0 = Debug|Any CPU
		{A5CC36BB-A4D3-4121-A4A4-B1AD9F9CBA9A}.AppStore|Any CPU.Deploy.0 = Debug|Any CPU
		{A5CC36BB-A4D3-4121-A4A4-B1AD9F9CBA9A}.AppStore|iPhone.ActiveCfg = Debug|Any CPU
		{A5CC36BB-A4D3-4121-A4A4-B1AD9F9CBA9A}.AppStore|iPhone.Build.0 = Debug|Any CPU
		{A5CC36BB-A4D3-4121-A4A4-B1AD9F9CBA9A}.AppStore|iPhone.Deploy.0 = Debug|Any CPU
		{A5CC36BB-A4D3-4121-A4A4-B1AD9F9CBA9A}.AppStore|iPhoneSimulator.ActiveCfg = Debug|Any CPU
		{A5CC36BB-A4D3-4121-A4A4-B1AD9F9CBA9A}.AppStore|iPhoneSimulator.Build.0 = Debug|Any CPU
		{A5CC36BB-A4D3-4121-A4A4-B1AD9F9CBA9A}.AppStore|iPhoneSimulator.Deploy.0 = Debug|Any CPU
		{A5CC36BB-A4D3-4121-A4A4-B1AD9F9CBA9A}.Debug|Any CPU.ActiveCfg = Debug|Any CPU
		{A5CC36BB-A4D3-4121-A4A4-B1AD9F9CBA9A}.Debug|Any CPU.Build.0 = Debug|Any CPU
		{A5CC36BB-A4D3-4121-A4A4-B1AD9F9CBA9A}.Debug|Any CPU.Deploy.0 = Debug|Any CPU
		{A5CC36BB-A4D3-4121-A4A4-B1AD9F9CBA9A}.Debug|iPhone.ActiveCfg = Debug|Any CPU
		{A5CC36BB-A4D3-4121-A4A4-B1AD9F9CBA9A}.Debug|iPhone.Build.0 = Debug|Any CPU
		{A5CC36BB-A4D3-4121-A4A4-B1AD9F9CBA9A}.Debug|iPhone.Deploy.0 = Debug|Any CPU
		{A5CC36BB-A4D3-4121-A4A4-B1AD9F9CBA9A}.Debug|iPhoneSimulator.ActiveCfg = Debug|Any CPU
		{A5CC36BB-A4D3-4121-A4A4-B1AD9F9CBA9A}.Debug|iPhoneSimulator.Build.0 = Debug|Any CPU
		{A5CC36BB-A4D3-4121-A4A4-B1AD9F9CBA9A}.Debug|iPhoneSimulator.Deploy.0 = Debug|Any CPU
		{A5CC36BB-A4D3-4121-A4A4-B1AD9F9CBA9A}.Release|Any CPU.ActiveCfg = Release|Any CPU
		{A5CC36BB-A4D3-4121-A4A4-B1AD9F9CBA9A}.Release|Any CPU.Build.0 = Release|Any CPU
		{A5CC36BB-A4D3-4121-A4A4-B1AD9F9CBA9A}.Release|Any CPU.Deploy.0 = Release|Any CPU
		{A5CC36BB-A4D3-4121-A4A4-B1AD9F9CBA9A}.Release|iPhone.ActiveCfg = Release|Any CPU
		{A5CC36BB-A4D3-4121-A4A4-B1AD9F9CBA9A}.Release|iPhone.Build.0 = Release|Any CPU
		{A5CC36BB-A4D3-4121-A4A4-B1AD9F9CBA9A}.Release|iPhone.Deploy.0 = Release|Any CPU
		{A5CC36BB-A4D3-4121-A4A4-B1AD9F9CBA9A}.Release|iPhoneSimulator.ActiveCfg = Release|Any CPU
		{A5CC36BB-A4D3-4121-A4A4-B1AD9F9CBA9A}.Release|iPhoneSimulator.Build.0 = Release|Any CPU
		{A5CC36BB-A4D3-4121-A4A4-B1AD9F9CBA9A}.Release|iPhoneSimulator.Deploy.0 = Release|Any CPU
	EndGlobalSection
	GlobalSection(SolutionProperties) = preSolution
		HideSolutionNode = FALSE
	EndGlobalSection
	GlobalSection(ExtensibilityGlobals) = postSolution
		SolutionGuid = {8798C416-CCE8-484C-AD23-3BE1105FE3AC}
	EndGlobalSection
EndGlobal
